// !$*UTF8*$!
{
	archiveVersion = 1;
	classes = {
	};
	objectVersion = 56;
	objects = {

/* Begin PBXBuildFile section */
		9247AE4229AF74CC007C5E6D /* AppDelegate.swift in Sources */ = {isa = PBXBuildFile; fileRef = 9247AE4129AF74CC007C5E6D /* AppDelegate.swift */; };
		9247AE4429AF74CC007C5E6D /* SceneDelegate.swift in Sources */ = {isa = PBXBuildFile; fileRef = 9247AE4329AF74CC007C5E6D /* SceneDelegate.swift */; };
		9247AE4629AF74CC007C5E6D /* ViewController.swift in Sources */ = {isa = PBXBuildFile; fileRef = 9247AE4529AF74CC007C5E6D /* ViewController.swift */; };
		9247AE4929AF74CC007C5E6D /* Main.storyboard in Resources */ = {isa = PBXBuildFile; fileRef = 9247AE4729AF74CC007C5E6D /* Main.storyboard */; };
		9247AE4B29AF74CD007C5E6D /* Assets.xcassets in Resources */ = {isa = PBXBuildFile; fileRef = 9247AE4A29AF74CD007C5E6D /* Assets.xcassets */; };
		9247AE4E29AF74CD007C5E6D /* LaunchScreen.storyboard in Resources */ = {isa = PBXBuildFile; fileRef = 9247AE4C29AF74CD007C5E6D /* LaunchScreen.storyboard */; };
		9247AE5929AF74CE007C5E6D /* ILabankTestTests.swift in Sources */ = {isa = PBXBuildFile; fileRef = 9247AE5829AF74CE007C5E6D /* ILabankTestTests.swift */; };
		9247AE6329AF74CE007C5E6D /* ILabankTestUITests.swift in Sources */ = {isa = PBXBuildFile; fileRef = 9247AE6229AF74CE007C5E6D /* ILabankTestUITests.swift */; };
		9247AE6529AF74CE007C5E6D /* ILabankTestUITestsLaunchTests.swift in Sources */ = {isa = PBXBuildFile; fileRef = 9247AE6429AF74CE007C5E6D /* ILabankTestUITestsLaunchTests.swift */; };
/* End PBXBuildFile section */

/* Begin PBXContainerItemProxy section */
		9247AE5529AF74CE007C5E6D /* PBXContainerItemProxy */ = {
			isa = PBXContainerItemProxy;
			containerPortal = 9247AE3629AF74CC007C5E6D /* Project object */;
			proxyType = 1;
			remoteGlobalIDString = 9247AE3D29AF74CC007C5E6D;
			remoteInfo = ILabankTest;
		};
		9247AE5F29AF74CE007C5E6D /* PBXContainerItemProxy */ = {
			isa = PBXContainerItemProxy;
			containerPortal = 9247AE3629AF74CC007C5E6D /* Project object */;
			proxyType = 1;
			remoteGlobalIDString = 9247AE3D29AF74CC007C5E6D;
			remoteInfo = ILabankTest;
		};
/* End PBXContainerItemProxy section */

/* Begin PBXFileReference section */
		9247AE3E29AF74CC007C5E6D /* ILabankTest.app */ = {isa = PBXFileReference; explicitFileType = wrapper.application; includeInIndex = 0; path = ILabankTest.app; sourceTree = BUILT_PRODUCTS_DIR; };
		9247AE4129AF74CC007C5E6D /* AppDelegate.swift */ = {isa = PBXFileReference; lastKnownFileType = sourcecode.swift; path = AppDelegate.swift; sourceTree = "<group>"; };
		9247AE4329AF74CC007C5E6D /* SceneDelegate.swift */ = {isa = PBXFileReference; lastKnownFileType = sourcecode.swift; path = SceneDelegate.swift; sourceTree = "<group>"; };
		9247AE4529AF74CC007C5E6D /* ViewController.swift */ = {isa = PBXFileReference; lastKnownFileType = sourcecode.swift; path = ViewController.swift; sourceTree = "<group>"; };
		9247AE4829AF74CC007C5E6D /* Base */ = {isa = PBXFileReference; lastKnownFileType = file.storyboard; name = Base; path = Base.lproj/Main.storyboard; sourceTree = "<group>"; };
		9247AE4A29AF74CD007C5E6D /* Assets.xcassets */ = {isa = PBXFileReference; lastKnownFileType = folder.assetcatalog; path = Assets.xcassets; sourceTree = "<group>"; };
		9247AE4D29AF74CD007C5E6D /* Base */ = {isa = PBXFileReference; lastKnownFileType = file.storyboard; name = Base; path = Base.lproj/LaunchScreen.storyboard; sourceTree = "<group>"; };
		9247AE4F29AF74CD007C5E6D /* Info.plist */ = {isa = PBXFileReference; lastKnownFileType = text.plist.xml; path = Info.plist; sourceTree = "<group>"; };
		9247AE5429AF74CE007C5E6D /* ILabankTestTests.xctest */ = {isa = PBXFileReference; explicitFileType = wrapper.cfbundle; includeInIndex = 0; path = ILabankTestTests.xctest; sourceTree = BUILT_PRODUCTS_DIR; };
		9247AE5829AF74CE007C5E6D /* ILabankTestTests.swift */ = {isa = PBXFileReference; lastKnownFileType = sourcecode.swift; path = ILabankTestTests.swift; sourceTree = "<group>"; };
		9247AE5E29AF74CE007C5E6D /* ILabankTestUITests.xctest */ = {isa = PBXFileReference; explicitFileType = wrapper.cfbundle; includeInIndex = 0; path = ILabankTestUITests.xctest; sourceTree = BUILT_PRODUCTS_DIR; };
		9247AE6229AF74CE007C5E6D /* ILabankTestUITests.swift */ = {isa = PBXFileReference; lastKnownFileType = sourcecode.swift; path = ILabankTestUITests.swift; sourceTree = "<group>"; };
		9247AE6429AF74CE007C5E6D /* ILabankTestUITestsLaunchTests.swift */ = {isa = PBXFileReference; lastKnownFileType = sourcecode.swift; path = ILabankTestUITestsLaunchTests.swift; sourceTree = "<group>"; };
/* End PBXFileReference section */

/* Begin PBXFrameworksBuildPhase section */
		9247AE3B29AF74CC007C5E6D /* Frameworks */ = {
			isa = PBXFrameworksBuildPhase;
			buildActionMask = 2147483647;
			files = (
			);
			runOnlyForDeploymentPostprocessing = 0;
		};
		9247AE5129AF74CE007C5E6D /* Frameworks */ = {
			isa = PBXFrameworksBuildPhase;
			buildActionMask = 2147483647;
			files = (
			);
			runOnlyForDeploymentPostprocessing = 0;
		};
		9247AE5B29AF74CE007C5E6D /* Frameworks */ = {
			isa = PBXFrameworksBuildPhase;
			buildActionMask = 2147483647;
			files = (
			);
			runOnlyForDeploymentPostprocessing = 0;
		};
/* End PBXFrameworksBuildPhase section */

/* Begin PBXGroup section */
		9247AE3529AF74CC007C5E6D = {
			isa = PBXGroup;
			children = (
				9247AE4029AF74CC007C5E6D /* ILabankTest */,
				9247AE5729AF74CE007C5E6D /* ILabankTestTests */,
				9247AE6129AF74CE007C5E6D /* ILabankTestUITests */,
				9247AE3F29AF74CC007C5E6D /* Products */,
			);
			sourceTree = "<group>";
		};
		9247AE3F29AF74CC007C5E6D /* Products */ = {
			isa = PBXGroup;
			children = (
				9247AE3E29AF74CC007C5E6D /* ILabankTest.app */,
				9247AE5429AF74CE007C5E6D /* ILabankTestTests.xctest */,
				9247AE5E29AF74CE007C5E6D /* ILabankTestUITests.xctest */,
			);
			name = Products;
			sourceTree = "<group>";
		};
		9247AE4029AF74CC007C5E6D /* ILabankTest */ = {
			isa = PBXGroup;
			children = (
				9247AE4129AF74CC007C5E6D /* AppDelegate.swift */,
				9247AE4329AF74CC007C5E6D /* SceneDelegate.swift */,
				9247AE4529AF74CC007C5E6D /* ViewController.swift */,
				9247AE4729AF74CC007C5E6D /* Main.storyboard */,
				9247AE4A29AF74CD007C5E6D /* Assets.xcassets */,
				9247AE4C29AF74CD007C5E6D /* LaunchScreen.storyboard */,
				9247AE4F29AF74CD007C5E6D /* Info.plist */,
			);
			path = ILabankTest;
			sourceTree = "<group>";
		};
		9247AE5729AF74CE007C5E6D /* ILabankTestTests */ = {
			isa = PBXGroup;
			children = (
				9247AE5829AF74CE007C5E6D /* ILabankTestTests.swift */,
			);
			path = ILabankTestTests;
			sourceTree = "<group>";
		};
		9247AE6129AF74CE007C5E6D /* ILabankTestUITests */ = {
			isa = PBXGroup;
			children = (
				9247AE6229AF74CE007C5E6D /* ILabankTestUITests.swift */,
				9247AE6429AF74CE007C5E6D /* ILabankTestUITestsLaunchTests.swift */,
			);
			path = ILabankTestUITests;
			sourceTree = "<group>";
		};
/* End PBXGroup section */

/* Begin PBXNativeTarget section */
		9247AE3D29AF74CC007C5E6D /* ILabankTest */ = {
			isa = PBXNativeTarget;
			buildConfigurationList = 9247AE6829AF74CE007C5E6D /* Build configuration list for PBXNativeTarget "ILabankTest" */;
			buildPhases = (
				9247AE3A29AF74CC007C5E6D /* Sources */,
				9247AE3B29AF74CC007C5E6D /* Frameworks */,
				9247AE3C29AF74CC007C5E6D /* Resources */,
			);
			buildRules = (
			);
			dependencies = (
			);
			name = ILabankTest;
			productName = ILabankTest;
			productReference = 9247AE3E29AF74CC007C5E6D /* ILabankTest.app */;
			productType = "com.apple.product-type.application";
		};
		9247AE5329AF74CE007C5E6D /* ILabankTestTests */ = {
			isa = PBXNativeTarget;
			buildConfigurationList = 9247AE6B29AF74CE007C5E6D /* Build configuration list for PBXNativeTarget "ILabankTestTests" */;
			buildPhases = (
				9247AE5029AF74CE007C5E6D /* Sources */,
				9247AE5129AF74CE007C5E6D /* Frameworks */,
				9247AE5229AF74CE007C5E6D /* Resources */,
			);
			buildRules = (
			);
			dependencies = (
				9247AE5629AF74CE007C5E6D /* PBXTargetDependency */,
			);
			name = ILabankTestTests;
			productName = ILabankTestTests;
			productReference = 9247AE5429AF74CE007C5E6D /* ILabankTestTests.xctest */;
			productType = "com.apple.product-type.bundle.unit-test";
		};
		9247AE5D29AF74CE007C5E6D /* ILabankTestUITests */ = {
			isa = PBXNativeTarget;
			buildConfigurationList = 9247AE6E29AF74CE007C5E6D /* Build configuration list for PBXNativeTarget "ILabankTestUITests" */;
			buildPhases = (
				9247AE5A29AF74CE007C5E6D /* Sources */,
				9247AE5B29AF74CE007C5E6D /* Frameworks */,
				9247AE5C29AF74CE007C5E6D /* Resources */,
			);
			buildRules = (
			);
			dependencies = (
				9247AE6029AF74CE007C5E6D /* PBXTargetDependency */,
			);
			name = ILabankTestUITests;
			productName = ILabankTestUITests;
			productReference = 9247AE5E29AF74CE007C5E6D /* ILabankTestUITests.xctest */;
			productType = "com.apple.product-type.bundle.ui-testing";
		};
/* End PBXNativeTarget section */

/* Begin PBXProject section */
		9247AE3629AF74CC007C5E6D /* Project object */ = {
			isa = PBXProject;
			attributes = {
				BuildIndependentTargetsInParallel = 1;
				LastSwiftUpdateCheck = 1410;
				LastUpgradeCheck = 1410;
				TargetAttributes = {
					9247AE3D29AF74CC007C5E6D = {
						CreatedOnToolsVersion = 14.1;
					};
					9247AE5329AF74CE007C5E6D = {
						CreatedOnToolsVersion = 14.1;
						TestTargetID = 9247AE3D29AF74CC007C5E6D;
					};
					9247AE5D29AF74CE007C5E6D = {
						CreatedOnToolsVersion = 14.1;
						TestTargetID = 9247AE3D29AF74CC007C5E6D;
					};
				};
			};
			buildConfigurationList = 9247AE3929AF74CC007C5E6D /* Build configuration list for PBXProject "ILabankTest" */;
			compatibilityVersion = "Xcode 14.0";
			developmentRegion = en;
			hasScannedForEncodings = 0;
			knownRegions = (
				en,
				Base,
			);
			mainGroup = 9247AE3529AF74CC007C5E6D;
			productRefGroup = 9247AE3F29AF74CC007C5E6D /* Products */;
			projectDirPath = "";
			projectRoot = "";
			targets = (
				9247AE3D29AF74CC007C5E6D /* ILabankTest */,
				9247AE5329AF74CE007C5E6D /* ILabankTestTests */,
				9247AE5D29AF74CE007C5E6D /* ILabankTestUITests */,
			);
		};
/* End PBXProject section */

/* Begin PBXResourcesBuildPhase section */
		9247AE3C29AF74CC007C5E6D /* Resources */ = {
			isa = PBXResourcesBuildPhase;
			buildActionMask = 2147483647;
			files = (
				9247AE4E29AF74CD007C5E6D /* LaunchScreen.storyboard in Resources */,
				9247AE4B29AF74CD007C5E6D /* Assets.xcassets in Resources */,
				9247AE4929AF74CC007C5E6D /* Main.storyboard in Resources */,
			);
			runOnlyForDeploymentPostprocessing = 0;
		};
		9247AE5229AF74CE007C5E6D /* Resources */ = {
			isa = PBXResourcesBuildPhase;
			buildActionMask = 2147483647;
			files = (
			);
			runOnlyForDeploymentPostprocessing = 0;
		};
		9247AE5C29AF74CE007C5E6D /* Resources */ = {
			isa = PBXResourcesBuildPhase;
			buildActionMask = 2147483647;
			files = (
			);
			runOnlyForDeploymentPostprocessing = 0;
		};
/* End PBXResourcesBuildPhase section */

/* Begin PBXSourcesBuildPhase section */
		9247AE3A29AF74CC007C5E6D /* Sources */ = {
			isa = PBXSourcesBuildPhase;
			buildActionMask = 2147483647;
			files = (
				9247AE4629AF74CC007C5E6D /* ViewController.swift in Sources */,
				9247AE4229AF74CC007C5E6D /* AppDelegate.swift in Sources */,
				9247AE4429AF74CC007C5E6D /* SceneDelegate.swift in Sources */,
			);
			runOnlyForDeploymentPostprocessing = 0;
		};
		9247AE5029AF74CE007C5E6D /* Sources */ = {
			isa = PBXSourcesBuildPhase;
			buildActionMask = 2147483647;
			files = (
				9247AE5929AF74CE007C5E6D /* ILabankTestTests.swift in Sources */,
			);
			runOnlyForDeploymentPostprocessing = 0;
		};
		9247AE5A29AF74CE007C5E6D /* Sources */ = {
			isa = PBXSourcesBuildPhase;
			buildActionMask = 2147483647;
			files = (
				9247AE6329AF74CE007C5E6D /* ILabankTestUITests.swift in Sources */,
				9247AE6529AF74CE007C5E6D /* ILabankTestUITestsLaunchTests.swift in Sources */,
			);
			runOnlyForDeploymentPostprocessing = 0;
		};
/* End PBXSourcesBuildPhase section */

/* Begin PBXTargetDependency section */
		9247AE5629AF74CE007C5E6D /* PBXTargetDependency */ = {
			isa = PBXTargetDependency;
			target = 9247AE3D29AF74CC007C5E6D /* ILabankTest */;
			targetProxy = 9247AE5529AF74CE007C5E6D /* PBXContainerItemProxy */;
		};
		9247AE6029AF74CE007C5E6D /* PBXTargetDependency */ = {
			isa = PBXTargetDependency;
			target = 9247AE3D29AF74CC007C5E6D /* ILabankTest */;
			targetProxy = 9247AE5F29AF74CE007C5E6D /* PBXContainerItemProxy */;
		};
/* End PBXTargetDependency section */

/* Begin PBXVariantGroup section */
		9247AE4729AF74CC007C5E6D /* Main.storyboard */ = {
			isa = PBXVariantGroup;
			children = (
				9247AE4829AF74CC007C5E6D /* Base */,
			);
			name = Main.storyboard;
			sourceTree = "<group>";
		};
		9247AE4C29AF74CD007C5E6D /* LaunchScreen.storyboard */ = {
			isa = PBXVariantGroup;
			children = (
				9247AE4D29AF74CD007C5E6D /* Base */,
			);
			name = LaunchScreen.storyboard;
			sourceTree = "<group>";
		};
/* End PBXVariantGroup section */

/* Begin XCBuildConfiguration section */
		9247AE6629AF74CE007C5E6D /* Debug */ = {
			isa = XCBuildConfiguration;
			buildSettings = {
				ALWAYS_SEARCH_USER_PATHS = NO;
				CLANG_ANALYZER_NONNULL = YES;
				CLANG_ANALYZER_NUMBER_OBJECT_CONVERSION = YES_AGGRESSIVE;
				CLANG_CXX_LANGUAGE_STANDARD = "gnu++20";
				CLANG_ENABLE_MODULES = YES;
				CLANG_ENABLE_OBJC_ARC = YES;
				CLANG_ENABLE_OBJC_WEAK = YES;
				CLANG_WARN_BLOCK_CAPTURE_AUTORELEASING = YES;
				CLANG_WARN_BOOL_CONVERSION = YES;
				CLANG_WARN_COMMA = YES;
				CLANG_WARN_CONSTANT_CONVERSION = YES;
				CLANG_WARN_DEPRECATED_OBJC_IMPLEMENTATIONS = YES;
				CLANG_WARN_DIRECT_OBJC_ISA_USAGE = YES_ERROR;
				CLANG_WARN_DOCUMENTATION_COMMENTS = YES;
				CLANG_WARN_EMPTY_BODY = YES;
				CLANG_WARN_ENUM_CONVERSION = YES;
				CLANG_WARN_INFINITE_RECURSION = YES;
				CLANG_WARN_INT_CONVERSION = YES;
				CLANG_WARN_NON_LITERAL_NULL_CONVERSION = YES;
				CLANG_WARN_OBJC_IMPLICIT_RETAIN_SELF = YES;
				CLANG_WARN_OBJC_LITERAL_CONVERSION = YES;
				CLANG_WARN_OBJC_ROOT_CLASS = YES_ERROR;
				CLANG_WARN_QUOTED_INCLUDE_IN_FRAMEWORK_HEADER = YES;
				CLANG_WARN_RANGE_LOOP_ANALYSIS = YES;
				CLANG_WARN_STRICT_PROTOTYPES = YES;
				CLANG_WARN_SUSPICIOUS_MOVE = YES;
				CLANG_WARN_UNGUARDED_AVAILABILITY = YES_AGGRESSIVE;
				CLANG_WARN_UNREACHABLE_CODE = YES;
				CLANG_WARN__DUPLICATE_METHOD_MATCH = YES;
				COPY_PHASE_STRIP = NO;
				DEBUG_INFORMATION_FORMAT = dwarf;
				ENABLE_STRICT_OBJC_MSGSEND = YES;
				ENABLE_TESTABILITY = YES;
				GCC_C_LANGUAGE_STANDARD = gnu11;
				GCC_DYNAMIC_NO_PIC = NO;
				GCC_NO_COMMON_BLOCKS = YES;
				GCC_OPTIMIZATION_LEVEL = 0;
				GCC_PREPROCESSOR_DEFINITIONS = (
					"DEBUG=1",
					"$(inherited)",
				);
				GCC_WARN_64_TO_32_BIT_CONVERSION = YES;
				GCC_WARN_ABOUT_RETURN_TYPE = YES_ERROR;
				GCC_WARN_UNDECLARED_SELECTOR = YES;
				GCC_WARN_UNINITIALIZED_AUTOS = YES_AGGRESSIVE;
				GCC_WARN_UNUSED_FUNCTION = YES;
				GCC_WARN_UNUSED_VARIABLE = YES;
				IPHONEOS_DEPLOYMENT_TARGET = 16.1;
				MTL_ENABLE_DEBUG_INFO = INCLUDE_SOURCE;
				MTL_FAST_MATH = YES;
				ONLY_ACTIVE_ARCH = YES;
				SDKROOT = iphoneos;
				SWIFT_ACTIVE_COMPILATION_CONDITIONS = DEBUG;
				SWIFT_OPTIMIZATION_LEVEL = "-Onone";
			};
			name = Debug;
		};
		9247AE6729AF74CE007C5E6D /* Release */ = {
			isa = XCBuildConfiguration;
			buildSettings = {
				ALWAYS_SEARCH_USER_PATHS = NO;
				CLANG_ANALYZER_NONNULL = YES;
				CLANG_ANALYZER_NUMBER_OBJECT_CONVERSION = YES_AGGRESSIVE;
				CLANG_CXX_LANGUAGE_STANDARD = "gnu++20";
				CLANG_ENABLE_MODULES = YES;
				CLANG_ENABLE_OBJC_ARC = YES;
				CLANG_ENABLE_OBJC_WEAK = YES;
				CLANG_WARN_BLOCK_CAPTURE_AUTORELEASING = YES;
				CLANG_WARN_BOOL_CONVERSION = YES;
				CLANG_WARN_COMMA = YES;
				CLANG_WARN_CONSTANT_CONVERSION = YES;
				CLANG_WARN_DEPRECATED_OBJC_IMPLEMENTATIONS = YES;
				CLANG_WARN_DIRECT_OBJC_ISA_USAGE = YES_ERROR;
				CLANG_WARN_DOCUMENTATION_COMMENTS = YES;
				CLANG_WARN_EMPTY_BODY = YES;
				CLANG_WARN_ENUM_CONVERSION = YES;
				CLANG_WARN_INFINITE_RECURSION = YES;
				CLANG_WARN_INT_CONVERSION = YES;
				CLANG_WARN_NON_LITERAL_NULL_CONVERSION = YES;
				CLANG_WARN_OBJC_IMPLICIT_RETAIN_SELF = YES;
				CLANG_WARN_OBJC_LITERAL_CONVERSION = YES;
				CLANG_WARN_OBJC_ROOT_CLASS = YES_ERROR;
				CLANG_WARN_QUOTED_INCLUDE_IN_FRAMEWORK_HEADER = YES;
				CLANG_WARN_RANGE_LOOP_ANALYSIS = YES;
				CLANG_WARN_STRICT_PROTOTYPES = YES;
				CLANG_WARN_SUSPICIOUS_MOVE = YES;
				CLANG_WARN_UNGUARDED_AVAILABILITY = YES_AGGRESSIVE;
				CLANG_WARN_UNREACHABLE_CODE = YES;
				CLANG_WARN__DUPLICATE_METHOD_MATCH = YES;
				COPY_PHASE_STRIP = NO;
				DEBUG_INFORMATION_FORMAT = "dwarf-with-dsym";
				ENABLE_NS_ASSERTIONS = NO;
				ENABLE_STRICT_OBJC_MSGSEND = YES;
				GCC_C_LANGUAGE_STANDARD = gnu11;
				GCC_NO_COMMON_BLOCKS = YES;
				GCC_WARN_64_TO_32_BIT_CONVERSION = YES;
				GCC_WARN_ABOUT_RETURN_TYPE = YES_ERROR;
				GCC_WARN_UNDECLARED_SELECTOR = YES;
				GCC_WARN_UNINITIALIZED_AUTOS = YES_AGGRESSIVE;
				GCC_WARN_UNUSED_FUNCTION = YES;
				GCC_WARN_UNUSED_VARIABLE = YES;
				IPHONEOS_DEPLOYMENT_TARGET = 16.1;
				MTL_ENABLE_DEBUG_INFO = NO;
				MTL_FAST_MATH = YES;
				SDKROOT = iphoneos;
				SWIFT_COMPILATION_MODE = wholemodule;
				SWIFT_OPTIMIZATION_LEVEL = "-O";
				VALIDATE_PRODUCT = YES;
			};
			name = Release;
		};
		9247AE6929AF74CE007C5E6D /* Debug */ = {
			isa = XCBuildConfiguration;
			buildSettings = {
				ASSETCATALOG_COMPILER_APPICON_NAME = AppIcon;
				ASSETCATALOG_COMPILER_GLOBAL_ACCENT_COLOR_NAME = AccentColor;
				CODE_SIGN_STYLE = Automatic;
				CURRENT_PROJECT_VERSION = 1;
				DEVELOPMENT_TEAM = 966YGJ585V;
				GENERATE_INFOPLIST_FILE = YES;
				INFOPLIST_FILE = ILabankTest/Info.plist;
				INFOPLIST_KEY_UIApplicationSupportsIndirectInputEvents = YES;
				INFOPLIST_KEY_UILaunchStoryboardName = LaunchScreen;
				INFOPLIST_KEY_UIMainStoryboardFile = Main;
				INFOPLIST_KEY_UISupportedInterfaceOrientations_iPad = "UIInterfaceOrientationPortrait UIInterfaceOrientationPortraitUpsideDown UIInterfaceOrientationLandscapeLeft UIInterfaceOrientationLandscapeRight";
				INFOPLIST_KEY_UISupportedInterfaceOrientations_iPhone = "UIInterfaceOrientationPortrait UIInterfaceOrientationLandscapeLeft UIInterfaceOrientationLandscapeRight";
				LD_RUNPATH_SEARCH_PATHS = (
					"$(inherited)",
					"@executable_path/Frameworks",
				);
				MARKETING_VERSION = 1.0;
				PRODUCT_BUNDLE_IDENTIFIER = com.xsc.ILabankTest;
				PRODUCT_NAME = "$(TARGET_NAME)";
				SWIFT_EMIT_LOC_STRINGS = YES;
				SWIFT_VERSION = 5.0;
				TARGETED_DEVICE_FAMILY = "1,2";
			};
			name = Debug;
		};
		9247AE6A29AF74CE007C5E6D /* Release */ = {
			isa = XCBuildConfiguration;
			buildSettings = {
				ASSETCATALOG_COMPILER_APPICON_NAME = AppIcon;
				ASSETCATALOG_COMPILER_GLOBAL_ACCENT_COLOR_NAME = AccentColor;
				CODE_SIGN_STYLE = Automatic;
				CURRENT_PROJECT_VERSION = 1;
				DEVELOPMENT_TEAM = 966YGJ585V;
				GENERATE_INFOPLIST_FILE = YES;
				INFOPLIST_FILE = ILabankTest/Info.plist;
				INFOPLIST_KEY_UIApplicationSupportsIndirectInputEvents = YES;
				INFOPLIST_KEY_UILaunchStoryboardName = LaunchScreen;
				INFOPLIST_KEY_UIMainStoryboardFile = Main;
				INFOPLIST_KEY_UISupportedInterfaceOrientations_iPad = "UIInterfaceOrientationPortrait UIInterfaceOrientationPortraitUpsideDown UIInterfaceOrientationLandscapeLeft UIInterfaceOrientationLandscapeRight";
				INFOPLIST_KEY_UISupportedInterfaceOrientations_iPhone = "UIInterfaceOrientationPortrait UIInterfaceOrientationLandscapeLeft UIInterfaceOrientationLandscapeRight";
				LD_RUNPATH_SEARCH_PATHS = (
					"$(inherited)",
					"@executable_path/Frameworks",
				);
				MARKETING_VERSION = 1.0;
				PRODUCT_BUNDLE_IDENTIFIER = com.xsc.ILabankTest;
				PRODUCT_NAME = "$(TARGET_NAME)";
				SWIFT_EMIT_LOC_STRINGS = YES;
				SWIFT_VERSION = 5.0;
				TARGETED_DEVICE_FAMILY = "1,2";
			};
			name = Release;
		};
		9247AE6C29AF74CE007C5E6D /* Debug */ = {
			isa = XCBuildConfiguration;
			buildSettings = {
				ALWAYS_EMBED_SWIFT_STANDARD_LIBRARIES = YES;
				BUNDLE_LOADER = "$(TEST_HOST)";
				CODE_SIGN_STYLE = Automatic;
				CURRENT_PROJECT_VERSION = 1;
				DEVELOPMENT_TEAM = 966YGJ585V;
				GENERATE_INFOPLIST_FILE = YES;
				IPHONEOS_DEPLOYMENT_TARGET = 16.1;
				MARKETING_VERSION = 1.0;
				PRODUCT_BUNDLE_IDENTIFIER = com.xsc.ILabankTestTests;
				PRODUCT_NAME = "$(TARGET_NAME)";
				SWIFT_EMIT_LOC_STRINGS = NO;
				SWIFT_VERSION = 5.0;
				TARGETED_DEVICE_FAMILY = "1,2";
				TEST_HOST = "$(BUILT_PRODUCTS_DIR)/ILabankTest.app/$(BUNDLE_EXECUTABLE_FOLDER_PATH)/ILabankTest";
			};
			name = Debug;
		};
		9247AE6D29AF74CE007C5E6D /* Release */ = {
			isa = XCBuildConfiguration;
			buildSettings = {
				ALWAYS_EMBED_SWIFT_STANDARD_LIBRARIES = YES;
				BUNDLE_LOADER = "$(TEST_HOST)";
				CODE_SIGN_STYLE = Automatic;
				CURRENT_PROJECT_VERSION = 1;
				DEVELOPMENT_TEAM = 966YGJ585V;
				GENERATE_INFOPLIST_FILE = YES;
				IPHONEOS_DEPLOYMENT_TARGET = 16.1;
				MARKETING_VERSION = 1.0;
				PRODUCT_BUNDLE_IDENTIFIER = com.xsc.ILabankTestTests;
				PRODUCT_NAME = "$(TARGET_NAME)";
				SWIFT_EMIT_LOC_STRINGS = NO;
				SWIFT_VERSION = 5.0;
				TARGETED_DEVICE_FAMILY = "1,2";
				TEST_HOST = "$(BUILT_PRODUCTS_DIR)/ILabankTest.app/$(BUNDLE_EXECUTABLE_FOLDER_PATH)/ILabankTest";
			};
			name = Release;
		};
		9247AE6F29AF74CE007C5E6D /* Debug */ = {
			isa = XCBuildConfiguration;
			buildSettings = {
				ALWAYS_EMBED_SWIFT_STANDARD_LIBRARIES = YES;
				CODE_SIGN_STYLE = Automatic;
				CURRENT_PROJECT_VERSION = 1;
				DEVELOPMENT_TEAM = 966YGJ585V;
				GENERATE_INFOPLIST_FILE = YES;
				MARKETING_VERSION = 1.0;
				PRODUCT_BUNDLE_IDENTIFIER = com.xsc.ILabankTestUITests;
				PRODUCT_NAME = "$(TARGET_NAME)";
				SWIFT_EMIT_LOC_STRINGS = NO;
				SWIFT_VERSION = 5.0;
				TARGETED_DEVICE_FAMILY = "1,2";
				TEST_TARGET_NAME = ILabankTest;
			};
			name = Debug;
		};
		9247AE7029AF74CE007C5E6D /* Release */ = {
			isa = XCBuildConfiguration;
			buildSettings = {
				ALWAYS_EMBED_SWIFT_STANDARD_LIBRARIES = YES;
				CODE_SIGN_STYLE = Automatic;
				CURRENT_PROJECT_VERSION = 1;
				DEVELOPMENT_TEAM = 966YGJ585V;
				GENERATE_INFOPLIST_FILE = YES;
				MARKETING_VERSION = 1.0;
				PRODUCT_BUNDLE_IDENTIFIER = com.xsc.ILabankTestUITests;
				PRODUCT_NAME = "$(TARGET_NAME)";
				SWIFT_EMIT_LOC_STRINGS = NO;
				SWIFT_VERSION = 5.0;
				TARGETED_DEVICE_FAMILY = "1,2";
				TEST_TARGET_NAME = ILabankTest;
			};
			name = Release;
		};
/* End XCBuildConfiguration section */

/* Begin XCConfigurationList section */
		9247AE3929AF74CC007C5E6D /* Build configuration list for PBXProject "ILabankTest" */ = {
			isa = XCConfigurationList;
			buildConfigurations = (
				9247AE6629AF74CE007C5E6D /* Debug */,
				9247AE6729AF74CE007C5E6D /* Release */,
			);
			defaultConfigurationIsVisible = 0;
			defaultConfigurationName = Release;
		};
		9247AE6829AF74CE007C5E6D /* Build configuration list for PBXNativeTarget "ILabankTest" */ = {
			isa = XCConfigurationList;
			buildConfigurations = (
				9247AE6929AF74CE007C5E6D /* Debug */,
				9247AE6A29AF74CE007C5E6D /* Release */,
			);
			defaultConfigurationIsVisible = 0;
			defaultConfigurationName = Release;
		};
		9247AE6B29AF74CE007C5E6D /* Build configuration list for PBXNativeTarget "ILabankTestTests" */ = {
			isa = XCConfigurationList;
			buildConfigurations = (
				9247AE6C29AF74CE007C5E6D /* Debug */,
				9247AE6D29AF74CE007C5E6D /* Release */,
			);
			defaultConfigurationIsVisible = 0;
			defaultConfigurationName = Release;
		};
		9247AE6E29AF74CE007C5E6D /* Build configuration list for PBXNativeTarget "ILabankTestUITests" */ = {
			isa = XCConfigurationList;
			buildConfigurations = (
				9247AE6F29AF74CE007C5E6D /* Debug */,
				9247AE7029AF74CE007C5E6D /* Release */,
			);
			defaultConfigurationIsVisible = 0;
			defaultConfigurationName = Release;
		};
/* End XCConfigurationList section */
	};
	rootObject = 9247AE3629AF74CC007C5E6D /* Project object */;
}
